
Microsoft Visual Studio Solution File, Format Version 12.00
# Visual Studio Version 16
VisualStudioVersion = 16.0.31624.102
MinimumVisualStudioVersion = 10.0.40219.1
Project("{9A19103F-16F7-4668-BE54-9A1E7A4F7556}") = "MetricsManager", "MetricsManager\MetricsManager.csproj", "{F2DCD83C-6248-46CD-8E45-AF4619238383}"
EndProject
Project("{9A19103F-16F7-4668-BE54-9A1E7A4F7556}") = "MetricsAgent.Entities", "MetricsAgent.Entities\MetricsAgent.Entities.csproj", "{C1D30F65-6673-4336-B8BC-DE09C342F765}"
EndProject
Project("{9A19103F-16F7-4668-BE54-9A1E7A4F7556}") = "MetricsManager.Tests", "MetricsManager.Tests\MetricsManager.Tests.csproj", "{CFD5B72A-0DC3-493A-ABF0-251304300635}"
EndProject
Project("{9A19103F-16F7-4668-BE54-9A1E7A4F7556}") = "MetricsAgent", "MetricsAgent\MetricsAgent.csproj", "{D99BD311-A264-42B1-9D4B-CE431DD656C9}"
EndProject
Project("{9A19103F-16F7-4668-BE54-9A1E7A4F7556}") = "MetricsAgent.Tests", "MetricsAgent.Tests\MetricsAgent.Tests.csproj", "{475B26EF-5DF3-4918-80DB-89E4473A5333}"
EndProject
Project("{2150E333-8FDC-42A3-9474-1A3956D46DE8}") = "Solution Items", "Solution Items", "{60C8209A-E818-4735-9F54-0883A57829A6}"
	ProjectSection(SolutionItems) = preProject
		.editorconfig = .editorconfig
	EndProjectSection
EndProject
Project("{9A19103F-16F7-4668-BE54-9A1E7A4F7556}") = "MetricsAgent.DB", "MetricsAgent.DB\MetricsAgent.DB.csproj", "{254F8ACF-DB01-41BC-8D1A-006B114855BB}"
EndProject
Project("{FAE04EC0-301F-11D3-BF4B-00C04F79EFBC}") = "MetricsAgent.Services", "MetricsAgent.Services\MetricsAgent.Services.csproj", "{8C6FCBD3-46FD-47AA-B85F-867808A14F2D}"
EndProject
Global
	GlobalSection(SolutionConfigurationPlatforms) = preSolution
		Debug|Any CPU = Debug|Any CPU
		Release|Any CPU = Release|Any CPU
	EndGlobalSection
	GlobalSection(ProjectConfigurationPlatforms) = postSolution
		{F2DCD83C-6248-46CD-8E45-AF4619238383}.Debug|Any CPU.ActiveCfg = Debug|Any CPU
		{F2DCD83C-6248-46CD-8E45-AF4619238383}.Debug|Any CPU.Build.0 = Debug|Any CPU
		{F2DCD83C-6248-46CD-8E45-AF4619238383}.Release|Any CPU.ActiveCfg = Release|Any CPU
		{F2DCD83C-6248-46CD-8E45-AF4619238383}.Release|Any CPU.Build.0 = Release|Any CPU
		{C1D30F65-6673-4336-B8BC-DE09C342F765}.Debug|Any CPU.ActiveCfg = Debug|Any CPU
		{C1D30F65-6673-4336-B8BC-DE09C342F765}.Debug|Any CPU.Build.0 = Debug|Any CPU
		{C1D30F65-6673-4336-B8BC-DE09C342F765}.Release|Any CPU.ActiveCfg = Release|Any CPU
		{C1D30F65-6673-4336-B8BC-DE09C342F765}.Release|Any CPU.Build.0 = Release|Any CPU
		{CFD5B72A-0DC3-493A-ABF0-251304300635}.Debug|Any CPU.ActiveCfg = Debug|Any CPU
		{CFD5B72A-0DC3-493A-ABF0-251304300635}.Debug|Any CPU.Build.0 = Debug|Any CPU
		{CFD5B72A-0DC3-493A-ABF0-251304300635}.Release|Any CPU.ActiveCfg = Release|Any CPU
		{CFD5B72A-0DC3-493A-ABF0-251304300635}.Release|Any CPU.Build.0 = Release|Any CPU
		{D99BD311-A264-42B1-9D4B-CE431DD656C9}.Debug|Any CPU.ActiveCfg = Debug|Any CPU
		{D99BD311-A264-42B1-9D4B-CE431DD656C9}.Debug|Any CPU.Build.0 = Debug|Any CPU
		{D99BD311-A264-42B1-9D4B-CE431DD656C9}.Release|Any CPU.ActiveCfg = Release|Any CPU
		{D99BD311-A264-42B1-9D4B-CE431DD656C9}.Release|Any CPU.Build.0 = Release|Any CPU
		{475B26EF-5DF3-4918-80DB-89E4473A5333}.Debug|Any CPU.ActiveCfg = Debug|Any CPU
		{475B26EF-5DF3-4918-80DB-89E4473A5333}.Debug|Any CPU.Build.0 = Debug|Any CPU
		{475B26EF-5DF3-4918-80DB-89E4473A5333}.Release|Any CPU.ActiveCfg = Release|Any CPU
		{475B26EF-5DF3-4918-80DB-89E4473A5333}.Release|Any CPU.Build.0 = Release|Any CPU
		{254F8ACF-DB01-41BC-8D1A-006B114855BB}.Debug|Any CPU.ActiveCfg = Debug|Any CPU
		{254F8ACF-DB01-41BC-8D1A-006B114855BB}.Debug|Any CPU.Build.0 = Debug|Any CPU
		{254F8ACF-DB01-41BC-8D1A-006B114855BB}.Release|Any CPU.ActiveCfg = Release|Any CPU
		{254F8ACF-DB01-41BC-8D1A-006B114855BB}.Release|Any CPU.Build.0 = Release|Any CPU
		{8C6FCBD3-46FD-47AA-B85F-867808A14F2D}.Debug|Any CPU.ActiveCfg = Debug|Any CPU
		{8C6FCBD3-46FD-47AA-B85F-867808A14F2D}.Debug|Any CPU.Build.0 = Debug|Any CPU
		{8C6FCBD3-46FD-47AA-B85F-867808A14F2D}.Release|Any CPU.ActiveCfg = Release|Any CPU
		{8C6FCBD3-46FD-47AA-B85F-867808A14F2D}.Release|Any CPU.Build.0 = Release|Any CPU
	EndGlobalSection
	GlobalSection(SolutionProperties) = preSolution
		HideSolutionNode = FALSE
	EndGlobalSection
	GlobalSection(ExtensibilityGlobals) = postSolution
		SolutionGuid = {18C8FB9D-84E9-41F6-89D5-B1BEC36ED873}
	EndGlobalSection
EndGlobal
